
Microsoft Visual Studio Solution File, Format Version 12.00
# Visual Studio Version 17
VisualStudioVersion = 17.6.33723.286
MinimumVisualStudioVersion = 10.0.40219.1
Project("{FAE04EC0-301F-11D3-BF4B-00C04F79EFBC}") = "LR2TIS", "LR2TIS\LR2TIS.csproj", "{70AEBF44-D6E6-43D9-8E31-886914ED8778}"
EndProject
Project("{FAE04EC0-301F-11D3-BF4B-00C04F79EFBC}") = "UsersTests", "UsersTests\UsersTests.csproj", "{A3C9F0EF-47E1-4052-AEAB-BE3DB7A70E43}"
EndProject
Project("{FAE04EC0-301F-11D3-BF4B-00C04F79EFBC}") = "IntegrationTests", "IntegrationTests\IntegrationTests.csproj", "{4054849C-84F2-49BE-AB01-0B1C9C407CD8}"
EndProject
Global
	GlobalSection(SolutionConfigurationPlatforms) = preSolution
		Debug|Any CPU = Debug|Any CPU
		Release|Any CPU = Release|Any CPU
	EndGlobalSection
	GlobalSection(ProjectConfigurationPlatforms) = postSolution
		{70AEBF44-D6E6-43D9-8E31-886914ED8778}.Debug|Any CPU.ActiveCfg = Debug|Any CPU
		{70AEBF44-D6E6-43D9-8E31-886914ED8778}.Debug|Any CPU.Build.0 = Debug|Any CPU
		{70AEBF44-D6E6-43D9-8E31-886914ED8778}.Release|Any CPU.ActiveCfg = Release|Any CPU
		{70AEBF44-D6E6-43D9-8E31-886914ED8778}.Release|Any CPU.Build.0 = Release|Any CPU
		{A3C9F0EF-47E1-4052-AEAB-BE3DB7A70E43}.Debug|Any CPU.ActiveCfg = Debug|Any CPU
		{A3C9F0EF-47E1-4052-AEAB-BE3DB7A70E43}.Debug|Any CPU.Build.0 = Debug|Any CPU
		{A3C9F0EF-47E1-4052-AEAB-BE3DB7A70E43}.Release|Any CPU.ActiveCfg = Release|Any CPU
		{A3C9F0EF-47E1-4052-AEAB-BE3DB7A70E43}.Release|Any CPU.Build.0 = Release|Any CPU
		{4054849C-84F2-49BE-AB01-0B1C9C407CD8}.Debug|Any CPU.ActiveCfg = Debug|Any CPU
		{4054849C-84F2-49BE-AB01-0B1C9C407CD8}.Debug|Any CPU.Build.0 = Debug|Any CPU
		{4054849C-84F2-49BE-AB01-0B1C9C407CD8}.Release|Any CPU.ActiveCfg = Release|Any CPU
		{4054849C-84F2-49BE-AB01-0B1C9C407CD8}.Release|Any CPU.Build.0 = Release|Any CPU
	EndGlobalSection
	GlobalSection(SolutionProperties) = preSolution
		HideSolutionNode = FALSE
	EndGlobalSection
	GlobalSection(ExtensibilityGlobals) = postSolution
		SolutionGuid = {4C222851-BC31-4E85-8EBC-9E94683D377E}
	EndGlobalSection
EndGlobal
